// !$*UTF8*$!
{
	archiveVersion = 1;
	classes = {
	};
	objectVersion = 56;
	objects = {

/* Begin PBXBuildFile section */
		11E44D402A28B4D2006346A9 /* FlickrDemoApp.swift in Sources */ = {isa = PBXBuildFile; fileRef = 11E44D3F2A28B4D2006346A9 /* FlickrDemoApp.swift */; };
		11E44D442A28B4D3006346A9 /* Assets.xcassets in Resources */ = {isa = PBXBuildFile; fileRef = 11E44D432A28B4D3006346A9 /* Assets.xcassets */; };
		11E44D482A28B4D3006346A9 /* Preview Assets.xcassets in Resources */ = {isa = PBXBuildFile; fileRef = 11E44D472A28B4D3006346A9 /* Preview Assets.xcassets */; };
		11E44D522A28B4D4006346A9 /* FlickrDemoTests.swift in Sources */ = {isa = PBXBuildFile; fileRef = 11E44D512A28B4D4006346A9 /* FlickrDemoTests.swift */; };
		11E44D5C2A28B4D4006346A9 /* FlickrDemoUITests.swift in Sources */ = {isa = PBXBuildFile; fileRef = 11E44D5B2A28B4D4006346A9 /* FlickrDemoUITests.swift */; };
		11E44D5E2A28B4D4006346A9 /* FlickrDemoUITestsLaunchTests.swift in Sources */ = {isa = PBXBuildFile; fileRef = 11E44D5D2A28B4D4006346A9 /* FlickrDemoUITestsLaunchTests.swift */; };
		11E44D6E2A28BD90006346A9 /* Configuration.swift in Sources */ = {isa = PBXBuildFile; fileRef = 11E44D6D2A28BD90006346A9 /* Configuration.swift */; };
		11E44D732A28BF7C006346A9 /* AppConstants.swift in Sources */ = {isa = PBXBuildFile; fileRef = 11E44D722A28BF7C006346A9 /* AppConstants.swift */; };
		11E44D762A28BFD0006346A9 /* ViewExt.swift in Sources */ = {isa = PBXBuildFile; fileRef = 11E44D752A28BFD0006346A9 /* ViewExt.swift */; };
		11E44D792A28C000006346A9 /* TextModifier.swift in Sources */ = {isa = PBXBuildFile; fileRef = 11E44D782A28C000006346A9 /* TextModifier.swift */; };
		11E44D7B2A28C010006346A9 /* ViewModifier.swift in Sources */ = {isa = PBXBuildFile; fileRef = 11E44D7A2A28C010006346A9 /* ViewModifier.swift */; };
		11E44D8B2A28C3CD006346A9 /* PhotoListView.swift in Sources */ = {isa = PBXBuildFile; fileRef = 11E44D8A2A28C3CD006346A9 /* PhotoListView.swift */; };
		11E44D8D2A28C421006346A9 /* PhotoListModel.swift in Sources */ = {isa = PBXBuildFile; fileRef = 11E44D8C2A28C421006346A9 /* PhotoListModel.swift */; };
		11E44D8F2A28C452006346A9 /* PhotoListRouter.swift in Sources */ = {isa = PBXBuildFile; fileRef = 11E44D8E2A28C452006346A9 /* PhotoListRouter.swift */; };
		11E44D912A28C4DE006346A9 /* PhotoListViewModel.swift in Sources */ = {isa = PBXBuildFile; fileRef = 11E44D902A28C4DE006346A9 /* PhotoListViewModel.swift */; };
		11E44D932A28C526006346A9 /* ContactPhotoListView.swift in Sources */ = {isa = PBXBuildFile; fileRef = 11E44D922A28C526006346A9 /* ContactPhotoListView.swift */; };
		11E44D952A28C562006346A9 /* ContactPhotoListViewModel.swift in Sources */ = {isa = PBXBuildFile; fileRef = 11E44D942A28C562006346A9 /* ContactPhotoListViewModel.swift */; };
		11E44D972A28C593006346A9 /* ContactPhotoCard.swift in Sources */ = {isa = PBXBuildFile; fileRef = 11E44D962A28C593006346A9 /* ContactPhotoCard.swift */; };
		11E44D992A28C5C2006346A9 /* PhotoCard.swift in Sources */ = {isa = PBXBuildFile; fileRef = 11E44D982A28C5C2006346A9 /* PhotoCard.swift */; };
		11E44D9C2A28C88B006346A9 /* MockPhotoListViewModel.swift in Sources */ = {isa = PBXBuildFile; fileRef = 11E44D9B2A28C88B006346A9 /* MockPhotoListViewModel.swift */; };
		11E44D9F2A28C8F4006346A9 /* JSONParser.swift in Sources */ = {isa = PBXBuildFile; fileRef = 11E44D9E2A28C8F4006346A9 /* JSONParser.swift */; };
		11E44DA12A28C90D006346A9 /* PhotosAPI.swift in Sources */ = {isa = PBXBuildFile; fileRef = 11E44DA02A28C90D006346A9 /* PhotosAPI.swift */; };
		11E44DA32A28C931006346A9 /* APIError.swift in Sources */ = {isa = PBXBuildFile; fileRef = 11E44DA22A28C931006346A9 /* APIError.swift */; };
		11E44DA52A28C948006346A9 /* FetchAPI.swift in Sources */ = {isa = PBXBuildFile; fileRef = 11E44DA42A28C948006346A9 /* FetchAPI.swift */; };
		11E44DA72A28C97A006346A9 /* DownloadAPI.swift in Sources */ = {isa = PBXBuildFile; fileRef = 11E44DA62A28C97A006346A9 /* DownloadAPI.swift */; };
		11E44DAB2A28CEEE006346A9 /* MockPhotoDetailsViewModel.swift in Sources */ = {isa = PBXBuildFile; fileRef = 11E44DAA2A28CEEE006346A9 /* MockPhotoDetailsViewModel.swift */; };
		11E44DAD2A28CF13006346A9 /* PhotoDetailsView.swift in Sources */ = {isa = PBXBuildFile; fileRef = 11E44DAC2A28CF13006346A9 /* PhotoDetailsView.swift */; };
		11E44DAF2A28CF3C006346A9 /* PhotoDetailsViewModel.swift in Sources */ = {isa = PBXBuildFile; fileRef = 11E44DAE2A28CF3C006346A9 /* PhotoDetailsViewModel.swift */; };
/* End PBXBuildFile section */

/* Begin PBXContainerItemProxy section */
		11E44D4E2A28B4D4006346A9 /* PBXContainerItemProxy */ = {
			isa = PBXContainerItemProxy;
			containerPortal = 11E44D342A28B4D2006346A9 /* Project object */;
			proxyType = 1;
			remoteGlobalIDString = 11E44D3B2A28B4D2006346A9;
			remoteInfo = FlickrDemo;
		};
		11E44D582A28B4D4006346A9 /* PBXContainerItemProxy */ = {
			isa = PBXContainerItemProxy;
			containerPortal = 11E44D342A28B4D2006346A9 /* Project object */;
			proxyType = 1;
			remoteGlobalIDString = 11E44D3B2A28B4D2006346A9;
			remoteInfo = FlickrDemo;
		};
/* End PBXContainerItemProxy section */

/* Begin PBXFileReference section */
		11E44D3C2A28B4D2006346A9 /* FlickrDemo.app */ = {isa = PBXFileReference; explicitFileType = wrapper.application; includeInIndex = 0; path = FlickrDemo.app; sourceTree = BUILT_PRODUCTS_DIR; };
		11E44D3F2A28B4D2006346A9 /* FlickrDemoApp.swift */ = {isa = PBXFileReference; lastKnownFileType = sourcecode.swift; path = FlickrDemoApp.swift; sourceTree = "<group>"; };
		11E44D432A28B4D3006346A9 /* Assets.xcassets */ = {isa = PBXFileReference; lastKnownFileType = folder.assetcatalog; path = Assets.xcassets; sourceTree = "<group>"; };
		11E44D452A28B4D3006346A9 /* FlickrDemo.entitlements */ = {isa = PBXFileReference; lastKnownFileType = text.plist.entitlements; path = FlickrDemo.entitlements; sourceTree = "<group>"; };
		11E44D472A28B4D3006346A9 /* Preview Assets.xcassets */ = {isa = PBXFileReference; lastKnownFileType = folder.assetcatalog; path = "Preview Assets.xcassets"; sourceTree = "<group>"; };
		11E44D4D2A28B4D4006346A9 /* FlickrDemoTests.xctest */ = {isa = PBXFileReference; explicitFileType = wrapper.cfbundle; includeInIndex = 0; path = FlickrDemoTests.xctest; sourceTree = BUILT_PRODUCTS_DIR; };
		11E44D512A28B4D4006346A9 /* FlickrDemoTests.swift */ = {isa = PBXFileReference; lastKnownFileType = sourcecode.swift; path = FlickrDemoTests.swift; sourceTree = "<group>"; };
		11E44D572A28B4D4006346A9 /* FlickrDemoUITests.xctest */ = {isa = PBXFileReference; explicitFileType = wrapper.cfbundle; includeInIndex = 0; path = FlickrDemoUITests.xctest; sourceTree = BUILT_PRODUCTS_DIR; };
		11E44D5B2A28B4D4006346A9 /* FlickrDemoUITests.swift */ = {isa = PBXFileReference; lastKnownFileType = sourcecode.swift; path = FlickrDemoUITests.swift; sourceTree = "<group>"; };
		11E44D5D2A28B4D4006346A9 /* FlickrDemoUITestsLaunchTests.swift */ = {isa = PBXFileReference; lastKnownFileType = sourcecode.swift; path = FlickrDemoUITestsLaunchTests.swift; sourceTree = "<group>"; };
		11E44D6A2A28B6E0006346A9 /* Info.plist */ = {isa = PBXFileReference; lastKnownFileType = text.plist.xml; path = Info.plist; sourceTree = "<group>"; };
		11E44D6D2A28BD90006346A9 /* Configuration.swift */ = {isa = PBXFileReference; lastKnownFileType = sourcecode.swift; path = Configuration.swift; sourceTree = "<group>"; };
		11E44D6F2A28BDA7006346A9 /* UAT.xcconfig */ = {isa = PBXFileReference; lastKnownFileType = text.xcconfig; path = UAT.xcconfig; sourceTree = "<group>"; };
		11E44D702A28BDB4006346A9 /* RELEASE.xcconfig */ = {isa = PBXFileReference; lastKnownFileType = text.xcconfig; path = RELEASE.xcconfig; sourceTree = "<group>"; };
		11E44D722A28BF7C006346A9 /* AppConstants.swift */ = {isa = PBXFileReference; lastKnownFileType = sourcecode.swift; path = AppConstants.swift; sourceTree = "<group>"; };
		11E44D752A28BFD0006346A9 /* ViewExt.swift */ = {isa = PBXFileReference; lastKnownFileType = sourcecode.swift; path = ViewExt.swift; sourceTree = "<group>"; };
		11E44D782A28C000006346A9 /* TextModifier.swift */ = {isa = PBXFileReference; lastKnownFileType = sourcecode.swift; path = TextModifier.swift; sourceTree = "<group>"; };
		11E44D7A2A28C010006346A9 /* ViewModifier.swift */ = {isa = PBXFileReference; lastKnownFileType = sourcecode.swift; path = ViewModifier.swift; sourceTree = "<group>"; };
		11E44D8A2A28C3CD006346A9 /* PhotoListView.swift */ = {isa = PBXFileReference; lastKnownFileType = sourcecode.swift; path = PhotoListView.swift; sourceTree = "<group>"; };
		11E44D8C2A28C421006346A9 /* PhotoListModel.swift */ = {isa = PBXFileReference; lastKnownFileType = sourcecode.swift; path = PhotoListModel.swift; sourceTree = "<group>"; };
		11E44D8E2A28C452006346A9 /* PhotoListRouter.swift */ = {isa = PBXFileReference; lastKnownFileType = sourcecode.swift; path = PhotoListRouter.swift; sourceTree = "<group>"; };
		11E44D902A28C4DE006346A9 /* PhotoListViewModel.swift */ = {isa = PBXFileReference; lastKnownFileType = sourcecode.swift; path = PhotoListViewModel.swift; sourceTree = "<group>"; };
		11E44D922A28C526006346A9 /* ContactPhotoListView.swift */ = {isa = PBXFileReference; lastKnownFileType = sourcecode.swift; path = ContactPhotoListView.swift; sourceTree = "<group>"; };
		11E44D942A28C562006346A9 /* ContactPhotoListViewModel.swift */ = {isa = PBXFileReference; lastKnownFileType = sourcecode.swift; path = ContactPhotoListViewModel.swift; sourceTree = "<group>"; };
		11E44D962A28C593006346A9 /* ContactPhotoCard.swift */ = {isa = PBXFileReference; lastKnownFileType = sourcecode.swift; path = ContactPhotoCard.swift; sourceTree = "<group>"; };
		11E44D982A28C5C2006346A9 /* PhotoCard.swift */ = {isa = PBXFileReference; lastKnownFileType = sourcecode.swift; path = PhotoCard.swift; sourceTree = "<group>"; };
		11E44D9B2A28C88B006346A9 /* MockPhotoListViewModel.swift */ = {isa = PBXFileReference; lastKnownFileType = sourcecode.swift; path = MockPhotoListViewModel.swift; sourceTree = "<group>"; };
		11E44D9E2A28C8F4006346A9 /* JSONParser.swift */ = {isa = PBXFileReference; lastKnownFileType = sourcecode.swift; path = JSONParser.swift; sourceTree = "<group>"; };
		11E44DA02A28C90D006346A9 /* PhotosAPI.swift */ = {isa = PBXFileReference; lastKnownFileType = sourcecode.swift; path = PhotosAPI.swift; sourceTree = "<group>"; };
		11E44DA22A28C931006346A9 /* APIError.swift */ = {isa = PBXFileReference; lastKnownFileType = sourcecode.swift; path = APIError.swift; sourceTree = "<group>"; };
		11E44DA42A28C948006346A9 /* FetchAPI.swift */ = {isa = PBXFileReference; lastKnownFileType = sourcecode.swift; path = FetchAPI.swift; sourceTree = "<group>"; };
		11E44DA62A28C97A006346A9 /* DownloadAPI.swift */ = {isa = PBXFileReference; lastKnownFileType = sourcecode.swift; path = DownloadAPI.swift; sourceTree = "<group>"; };
		11E44DAA2A28CEEE006346A9 /* MockPhotoDetailsViewModel.swift */ = {isa = PBXFileReference; lastKnownFileType = sourcecode.swift; path = MockPhotoDetailsViewModel.swift; sourceTree = "<group>"; };
		11E44DAC2A28CF13006346A9 /* PhotoDetailsView.swift */ = {isa = PBXFileReference; lastKnownFileType = sourcecode.swift; path = PhotoDetailsView.swift; sourceTree = "<group>"; };
		11E44DAE2A28CF3C006346A9 /* PhotoDetailsViewModel.swift */ = {isa = PBXFileReference; lastKnownFileType = sourcecode.swift; path = PhotoDetailsViewModel.swift; sourceTree = "<group>"; };
/* End PBXFileReference section */

/* Begin PBXFrameworksBuildPhase section */
		11E44D392A28B4D2006346A9 /* Frameworks */ = {
			isa = PBXFrameworksBuildPhase;
			buildActionMask = 2147483647;
			files = (
			);
			runOnlyForDeploymentPostprocessing = 0;
		};
		11E44D4A2A28B4D4006346A9 /* Frameworks */ = {
			isa = PBXFrameworksBuildPhase;
			buildActionMask = 2147483647;
			files = (
			);
			runOnlyForDeploymentPostprocessing = 0;
		};
		11E44D542A28B4D4006346A9 /* Frameworks */ = {
			isa = PBXFrameworksBuildPhase;
			buildActionMask = 2147483647;
			files = (
			);
			runOnlyForDeploymentPostprocessing = 0;
		};
/* End PBXFrameworksBuildPhase section */

/* Begin PBXGroup section */
		11E44D332A28B4D2006346A9 = {
			isa = PBXGroup;
			children = (
				11E44D3E2A28B4D2006346A9 /* FlickrDemo */,
				11E44D502A28B4D4006346A9 /* FlickrDemoTests */,
				11E44D5A2A28B4D4006346A9 /* FlickrDemoUITests */,
				11E44D3D2A28B4D2006346A9 /* Products */,
			);
			sourceTree = "<group>";
		};
		11E44D3D2A28B4D2006346A9 /* Products */ = {
			isa = PBXGroup;
			children = (
				11E44D3C2A28B4D2006346A9 /* FlickrDemo.app */,
				11E44D4D2A28B4D4006346A9 /* FlickrDemoTests.xctest */,
				11E44D572A28B4D4006346A9 /* FlickrDemoUITests.xctest */,
			);
			name = Products;
			sourceTree = "<group>";
		};
		11E44D3E2A28B4D2006346A9 /* FlickrDemo */ = {
			isa = PBXGroup;
			children = (
				11E44D6A2A28B6E0006346A9 /* Info.plist */,
				11E44D9D2A28C8D8006346A9 /* APIManager */,
				11E44D882A28C392006346A9 /* Modules */,
				11E44D772A28BFEE006346A9 /* Modifiers */,
				11E44D742A28BFC1006346A9 /* Extensions */,
				11E44D712A28BF65006346A9 /* Constants */,
				11E44D6C2A28BD80006346A9 /* Config */,
				11E44D3F2A28B4D2006346A9 /* FlickrDemoApp.swift */,
				11E44D432A28B4D3006346A9 /* Assets.xcassets */,
				11E44D452A28B4D3006346A9 /* FlickrDemo.entitlements */,
				11E44D462A28B4D3006346A9 /* Preview Content */,
			);
			path = FlickrDemo;
			sourceTree = "<group>";
		};
		11E44D462A28B4D3006346A9 /* Preview Content */ = {
			isa = PBXGroup;
			children = (
				11E44D472A28B4D3006346A9 /* Preview Assets.xcassets */,
			);
			path = "Preview Content";
			sourceTree = "<group>";
		};
		11E44D502A28B4D4006346A9 /* FlickrDemoTests */ = {
			isa = PBXGroup;
			children = (
				11E44D512A28B4D4006346A9 /* FlickrDemoTests.swift */,
			);
			path = FlickrDemoTests;
			sourceTree = "<group>";
		};
		11E44D5A2A28B4D4006346A9 /* FlickrDemoUITests */ = {
			isa = PBXGroup;
			children = (
				11E44D5B2A28B4D4006346A9 /* FlickrDemoUITests.swift */,
				11E44D5D2A28B4D4006346A9 /* FlickrDemoUITestsLaunchTests.swift */,
			);
			path = FlickrDemoUITests;
			sourceTree = "<group>";
		};
		11E44D6C2A28BD80006346A9 /* Config */ = {
			isa = PBXGroup;
			children = (
				11E44D6D2A28BD90006346A9 /* Configuration.swift */,
				11E44D6F2A28BDA7006346A9 /* UAT.xcconfig */,
				11E44D702A28BDB4006346A9 /* RELEASE.xcconfig */,
			);
			path = Config;
			sourceTree = "<group>";
		};
		11E44D712A28BF65006346A9 /* Constants */ = {
			isa = PBXGroup;
			children = (
				11E44D722A28BF7C006346A9 /* AppConstants.swift */,
			);
			path = Constants;
			sourceTree = "<group>";
		};
		11E44D742A28BFC1006346A9 /* Extensions */ = {
			isa = PBXGroup;
			children = (
				11E44D752A28BFD0006346A9 /* ViewExt.swift */,
			);
			path = Extensions;
			sourceTree = "<group>";
		};
		11E44D772A28BFEE006346A9 /* Modifiers */ = {
			isa = PBXGroup;
			children = (
				11E44D782A28C000006346A9 /* TextModifier.swift */,
				11E44D7A2A28C010006346A9 /* ViewModifier.swift */,
			);
			path = Modifiers;
			sourceTree = "<group>";
		};
		11E44D882A28C392006346A9 /* Modules */ = {
			isa = PBXGroup;
			children = (
				11E44DA82A28CEC8006346A9 /* PhotoDetails */,
				11E44D892A28C3BB006346A9 /* PhotoList */,
			);
			path = Modules;
			sourceTree = "<group>";
		};
		11E44D892A28C3BB006346A9 /* PhotoList */ = {
			isa = PBXGroup;
			children = (
				11E44D9A2A28C869006346A9 /* Mock */,
				11E44D982A28C5C2006346A9 /* PhotoCard.swift */,
				11E44D8A2A28C3CD006346A9 /* PhotoListView.swift */,
				11E44D8C2A28C421006346A9 /* PhotoListModel.swift */,
				11E44D8E2A28C452006346A9 /* PhotoListRouter.swift */,
				11E44D902A28C4DE006346A9 /* PhotoListViewModel.swift */,
				11E44D922A28C526006346A9 /* ContactPhotoListView.swift */,
				11E44D942A28C562006346A9 /* ContactPhotoListViewModel.swift */,
				11E44D962A28C593006346A9 /* ContactPhotoCard.swift */,
			);
			path = PhotoList;
			sourceTree = "<group>";
		};
		11E44D9A2A28C869006346A9 /* Mock */ = {
			isa = PBXGroup;
			children = (
				11E44D9B2A28C88B006346A9 /* MockPhotoListViewModel.swift */,
			);
			path = Mock;
			sourceTree = "<group>";
		};
		11E44D9D2A28C8D8006346A9 /* APIManager */ = {
			isa = PBXGroup;
			children = (
				11E44D9E2A28C8F4006346A9 /* JSONParser.swift */,
				11E44DA02A28C90D006346A9 /* PhotosAPI.swift */,
				11E44DA22A28C931006346A9 /* APIError.swift */,
				11E44DA42A28C948006346A9 /* FetchAPI.swift */,
				11E44DA62A28C97A006346A9 /* DownloadAPI.swift */,
			);
			path = APIManager;
			sourceTree = "<group>";
		};
		11E44DA82A28CEC8006346A9 /* PhotoDetails */ = {
			isa = PBXGroup;
			children = (
				11E44DA92A28CED4006346A9 /* Mock */,
				11E44DAC2A28CF13006346A9 /* PhotoDetailsView.swift */,
				11E44DAE2A28CF3C006346A9 /* PhotoDetailsViewModel.swift */,
			);
			path = PhotoDetails;
			sourceTree = "<group>";
		};
		11E44DA92A28CED4006346A9 /* Mock */ = {
			isa = PBXGroup;
			children = (
				11E44DAA2A28CEEE006346A9 /* MockPhotoDetailsViewModel.swift */,
			);
			path = Mock;
			sourceTree = "<group>";
		};
/* End PBXGroup section */

/* Begin PBXNativeTarget section */
		11E44D3B2A28B4D2006346A9 /* FlickrDemo */ = {
			isa = PBXNativeTarget;
			buildConfigurationList = 11E44D612A28B4D4006346A9 /* Build configuration list for PBXNativeTarget "FlickrDemo" */;
			buildPhases = (
				11E44D382A28B4D2006346A9 /* Sources */,
				11E44D392A28B4D2006346A9 /* Frameworks */,
				11E44D3A2A28B4D2006346A9 /* Resources */,
			);
			buildRules = (
			);
			dependencies = (
			);
			name = FlickrDemo;
			productName = FlickrDemo;
			productReference = 11E44D3C2A28B4D2006346A9 /* FlickrDemo.app */;
			productType = "com.apple.product-type.application";
		};
		11E44D4C2A28B4D4006346A9 /* FlickrDemoTests */ = {
			isa = PBXNativeTarget;
			buildConfigurationList = 11E44D642A28B4D4006346A9 /* Build configuration list for PBXNativeTarget "FlickrDemoTests" */;
			buildPhases = (
				11E44D492A28B4D4006346A9 /* Sources */,
				11E44D4A2A28B4D4006346A9 /* Frameworks */,
				11E44D4B2A28B4D4006346A9 /* Resources */,
			);
			buildRules = (
			);
			dependencies = (
				11E44D4F2A28B4D4006346A9 /* PBXTargetDependency */,
			);
			name = FlickrDemoTests;
			productName = FlickrDemoTests;
			productReference = 11E44D4D2A28B4D4006346A9 /* FlickrDemoTests.xctest */;
			productType = "com.apple.product-type.bundle.unit-test";
		};
		11E44D562A28B4D4006346A9 /* FlickrDemoUITests */ = {
			isa = PBXNativeTarget;
			buildConfigurationList = 11E44D672A28B4D4006346A9 /* Build configuration list for PBXNativeTarget "FlickrDemoUITests" */;
			buildPhases = (
				11E44D532A28B4D4006346A9 /* Sources */,
				11E44D542A28B4D4006346A9 /* Frameworks */,
				11E44D552A28B4D4006346A9 /* Resources */,
			);
			buildRules = (
			);
			dependencies = (
				11E44D592A28B4D4006346A9 /* PBXTargetDependency */,
			);
			name = FlickrDemoUITests;
			productName = FlickrDemoUITests;
			productReference = 11E44D572A28B4D4006346A9 /* FlickrDemoUITests.xctest */;
			productType = "com.apple.product-type.bundle.ui-testing";
		};
/* End PBXNativeTarget section */

/* Begin PBXProject section */
		11E44D342A28B4D2006346A9 /* Project object */ = {
			isa = PBXProject;
			attributes = {
				BuildIndependentTargetsInParallel = 1;
				LastSwiftUpdateCheck = 1430;
				LastUpgradeCheck = 1430;
				TargetAttributes = {
					11E44D3B2A28B4D2006346A9 = {
						CreatedOnToolsVersion = 14.3;
					};
					11E44D4C2A28B4D4006346A9 = {
						CreatedOnToolsVersion = 14.3;
						TestTargetID = 11E44D3B2A28B4D2006346A9;
					};
					11E44D562A28B4D4006346A9 = {
						CreatedOnToolsVersion = 14.3;
						TestTargetID = 11E44D3B2A28B4D2006346A9;
					};
				};
			};
			buildConfigurationList = 11E44D372A28B4D2006346A9 /* Build configuration list for PBXProject "FlickrDemo" */;
			compatibilityVersion = "Xcode 14.0";
			developmentRegion = en;
			hasScannedForEncodings = 0;
			knownRegions = (
				en,
				Base,
			);
			mainGroup = 11E44D332A28B4D2006346A9;
			productRefGroup = 11E44D3D2A28B4D2006346A9 /* Products */;
			projectDirPath = "";
			projectRoot = "";
			targets = (
				11E44D3B2A28B4D2006346A9 /* FlickrDemo */,
				11E44D4C2A28B4D4006346A9 /* FlickrDemoTests */,
				11E44D562A28B4D4006346A9 /* FlickrDemoUITests */,
			);
		};
/* End PBXProject section */

/* Begin PBXResourcesBuildPhase section */
		11E44D3A2A28B4D2006346A9 /* Resources */ = {
			isa = PBXResourcesBuildPhase;
			buildActionMask = 2147483647;
			files = (
				11E44D482A28B4D3006346A9 /* Preview Assets.xcassets in Resources */,
				11E44D442A28B4D3006346A9 /* Assets.xcassets in Resources */,
			);
			runOnlyForDeploymentPostprocessing = 0;
		};
		11E44D4B2A28B4D4006346A9 /* Resources */ = {
			isa = PBXResourcesBuildPhase;
			buildActionMask = 2147483647;
			files = (
			);
			runOnlyForDeploymentPostprocessing = 0;
		};
		11E44D552A28B4D4006346A9 /* Resources */ = {
			isa = PBXResourcesBuildPhase;
			buildActionMask = 2147483647;
			files = (
			);
			runOnlyForDeploymentPostprocessing = 0;
		};
/* End PBXResourcesBuildPhase section */

/* Begin PBXSourcesBuildPhase section */
		11E44D382A28B4D2006346A9 /* Sources */ = {
			isa = PBXSourcesBuildPhase;
			buildActionMask = 2147483647;
			files = (
				11E44D6E2A28BD90006346A9 /* Configuration.swift in Sources */,
				11E44D792A28C000006346A9 /* TextModifier.swift in Sources */,
				11E44D9C2A28C88B006346A9 /* MockPhotoListViewModel.swift in Sources */,
				11E44DAB2A28CEEE006346A9 /* MockPhotoDetailsViewModel.swift in Sources */,
				11E44D912A28C4DE006346A9 /* PhotoListViewModel.swift in Sources */,
				11E44D762A28BFD0006346A9 /* ViewExt.swift in Sources */,
				11E44D972A28C593006346A9 /* ContactPhotoCard.swift in Sources */,
				11E44D402A28B4D2006346A9 /* FlickrDemoApp.swift in Sources */,
				11E44DA32A28C931006346A9 /* APIError.swift in Sources */,
				11E44DA52A28C948006346A9 /* FetchAPI.swift in Sources */,
				11E44D932A28C526006346A9 /* ContactPhotoListView.swift in Sources */,
				11E44D7B2A28C010006346A9 /* ViewModifier.swift in Sources */,
				11E44D9F2A28C8F4006346A9 /* JSONParser.swift in Sources */,
				11E44D732A28BF7C006346A9 /* AppConstants.swift in Sources */,
				11E44DA72A28C97A006346A9 /* DownloadAPI.swift in Sources */,
				11E44D8F2A28C452006346A9 /* PhotoListRouter.swift in Sources */,
				11E44DA12A28C90D006346A9 /* PhotosAPI.swift in Sources */,
				11E44D8B2A28C3CD006346A9 /* PhotoListView.swift in Sources */,
				11E44DAD2A28CF13006346A9 /* PhotoDetailsView.swift in Sources */,
				11E44D992A28C5C2006346A9 /* PhotoCard.swift in Sources */,
				11E44D952A28C562006346A9 /* ContactPhotoListViewModel.swift in Sources */,
				11E44D8D2A28C421006346A9 /* PhotoListModel.swift in Sources */,
				11E44DAF2A28CF3C006346A9 /* PhotoDetailsViewModel.swift in Sources */,
			);
			runOnlyForDeploymentPostprocessing = 0;
		};
		11E44D492A28B4D4006346A9 /* Sources */ = {
			isa = PBXSourcesBuildPhase;
			buildActionMask = 2147483647;
			files = (
				11E44D522A28B4D4006346A9 /* FlickrDemoTests.swift in Sources */,
			);
			runOnlyForDeploymentPostprocessing = 0;
		};
		11E44D532A28B4D4006346A9 /* Sources */ = {
			isa = PBXSourcesBuildPhase;
			buildActionMask = 2147483647;
			files = (
				11E44D5E2A28B4D4006346A9 /* FlickrDemoUITestsLaunchTests.swift in Sources */,
				11E44D5C2A28B4D4006346A9 /* FlickrDemoUITests.swift in Sources */,
			);
			runOnlyForDeploymentPostprocessing = 0;
		};
/* End PBXSourcesBuildPhase section */

/* Begin PBXTargetDependency section */
		11E44D4F2A28B4D4006346A9 /* PBXTargetDependency */ = {
			isa = PBXTargetDependency;
			target = 11E44D3B2A28B4D2006346A9 /* FlickrDemo */;
			targetProxy = 11E44D4E2A28B4D4006346A9 /* PBXContainerItemProxy */;
		};
		11E44D592A28B4D4006346A9 /* PBXTargetDependency */ = {
			isa = PBXTargetDependency;
			target = 11E44D3B2A28B4D2006346A9 /* FlickrDemo */;
			targetProxy = 11E44D582A28B4D4006346A9 /* PBXContainerItemProxy */;
		};
/* End PBXTargetDependency section */

/* Begin XCBuildConfiguration section */
		11E44D5F2A28B4D4006346A9 /* Debug */ = {
			isa = XCBuildConfiguration;
			baseConfigurationReference = 11E44D6F2A28BDA7006346A9 /* UAT.xcconfig */;
			buildSettings = {
				ALWAYS_SEARCH_USER_PATHS = NO;
				CLANG_ANALYZER_NONNULL = YES;
				CLANG_ANALYZER_NUMBER_OBJECT_CONVERSION = YES_AGGRESSIVE;
				CLANG_CXX_LANGUAGE_STANDARD = "gnu++20";
				CLANG_ENABLE_MODULES = YES;
				CLANG_ENABLE_OBJC_ARC = YES;
				CLANG_ENABLE_OBJC_WEAK = YES;
				CLANG_WARN_BLOCK_CAPTURE_AUTORELEASING = YES;
				CLANG_WARN_BOOL_CONVERSION = YES;
				CLANG_WARN_COMMA = YES;
				CLANG_WARN_CONSTANT_CONVERSION = YES;
				CLANG_WARN_DEPRECATED_OBJC_IMPLEMENTATIONS = YES;
				CLANG_WARN_DIRECT_OBJC_ISA_USAGE = YES_ERROR;
				CLANG_WARN_DOCUMENTATION_COMMENTS = YES;
				CLANG_WARN_EMPTY_BODY = YES;
				CLANG_WARN_ENUM_CONVERSION = YES;
				CLANG_WARN_INFINITE_RECURSION = YES;
				CLANG_WARN_INT_CONVERSION = YES;
				CLANG_WARN_NON_LITERAL_NULL_CONVERSION = YES;
				CLANG_WARN_OBJC_IMPLICIT_RETAIN_SELF = YES;
				CLANG_WARN_OBJC_LITERAL_CONVERSION = YES;
				CLANG_WARN_OBJC_ROOT_CLASS = YES_ERROR;
				CLANG_WARN_QUOTED_INCLUDE_IN_FRAMEWORK_HEADER = YES;
				CLANG_WARN_RANGE_LOOP_ANALYSIS = YES;
				CLANG_WARN_STRICT_PROTOTYPES = YES;
				CLANG_WARN_SUSPICIOUS_MOVE = YES;
				CLANG_WARN_UNGUARDED_AVAILABILITY = YES_AGGRESSIVE;
				CLANG_WARN_UNREACHABLE_CODE = YES;
				CLANG_WARN__DUPLICATE_METHOD_MATCH = YES;
				COPY_PHASE_STRIP = NO;
				DEBUG_INFORMATION_FORMAT = dwarf;
				ENABLE_STRICT_OBJC_MSGSEND = YES;
				ENABLE_TESTABILITY = YES;
				GCC_C_LANGUAGE_STANDARD = gnu11;
				GCC_DYNAMIC_NO_PIC = NO;
				GCC_NO_COMMON_BLOCKS = YES;
				GCC_OPTIMIZATION_LEVEL = 0;
				GCC_PREPROCESSOR_DEFINITIONS = (
					"DEBUG=1",
					"$(inherited)",
				);
				GCC_WARN_64_TO_32_BIT_CONVERSION = YES;
				GCC_WARN_ABOUT_RETURN_TYPE = YES_ERROR;
				GCC_WARN_UNDECLARED_SELECTOR = YES;
				GCC_WARN_UNINITIALIZED_AUTOS = YES_AGGRESSIVE;
				GCC_WARN_UNUSED_FUNCTION = YES;
				GCC_WARN_UNUSED_VARIABLE = YES;
				IPHONEOS_DEPLOYMENT_TARGET = 15.0;
				MTL_ENABLE_DEBUG_INFO = INCLUDE_SOURCE;
				MTL_FAST_MATH = YES;
				ONLY_ACTIVE_ARCH = YES;
				SWIFT_ACTIVE_COMPILATION_CONDITIONS = DEBUG;
				SWIFT_OPTIMIZATION_LEVEL = "-Onone";
			};
			name = Debug;
		};
		11E44D602A28B4D4006346A9 /* Release */ = {
			isa = XCBuildConfiguration;
			baseConfigurationReference = 11E44D702A28BDB4006346A9 /* RELEASE.xcconfig */;
			buildSettings = {
				ALWAYS_SEARCH_USER_PATHS = NO;
				CLANG_ANALYZER_NONNULL = YES;
				CLANG_ANALYZER_NUMBER_OBJECT_CONVERSION = YES_AGGRESSIVE;
				CLANG_CXX_LANGUAGE_STANDARD = "gnu++20";
				CLANG_ENABLE_MODULES = YES;
				CLANG_ENABLE_OBJC_ARC = YES;
				CLANG_ENABLE_OBJC_WEAK = YES;
				CLANG_WARN_BLOCK_CAPTURE_AUTORELEASING = YES;
				CLANG_WARN_BOOL_CONVERSION = YES;
				CLANG_WARN_COMMA = YES;
				CLANG_WARN_CONSTANT_CONVERSION = YES;
				CLANG_WARN_DEPRECATED_OBJC_IMPLEMENTATIONS = YES;
				CLANG_WARN_DIRECT_OBJC_ISA_USAGE = YES_ERROR;
				CLANG_WARN_DOCUMENTATION_COMMENTS = YES;
				CLANG_WARN_EMPTY_BODY = YES;
				CLANG_WARN_ENUM_CONVERSION = YES;
				CLANG_WARN_INFINITE_RECURSION = YES;
				CLANG_WARN_INT_CONVERSION = YES;
				CLANG_WARN_NON_LITERAL_NULL_CONVERSION = YES;
				CLANG_WARN_OBJC_IMPLICIT_RETAIN_SELF = YES;
				CLANG_WARN_OBJC_LITERAL_CONVERSION = YES;
				CLANG_WARN_OBJC_ROOT_CLASS = YES_ERROR;
				CLANG_WARN_QUOTED_INCLUDE_IN_FRAMEWORK_HEADER = YES;
				CLANG_WARN_RANGE_LOOP_ANALYSIS = YES;
				CLANG_WARN_STRICT_PROTOTYPES = YES;
				CLANG_WARN_SUSPICIOUS_MOVE = YES;
				CLANG_WARN_UNGUARDED_AVAILABILITY = YES_AGGRESSIVE;
				CLANG_WARN_UNREACHABLE_CODE = YES;
				CLANG_WARN__DUPLICATE_METHOD_MATCH = YES;
				COPY_PHASE_STRIP = NO;
				DEBUG_INFORMATION_FORMAT = "dwarf-with-dsym";
				ENABLE_NS_ASSERTIONS = NO;
				ENABLE_STRICT_OBJC_MSGSEND = YES;
				GCC_C_LANGUAGE_STANDARD = gnu11;
				GCC_NO_COMMON_BLOCKS = YES;
				GCC_WARN_64_TO_32_BIT_CONVERSION = YES;
				GCC_WARN_ABOUT_RETURN_TYPE = YES_ERROR;
				GCC_WARN_UNDECLARED_SELECTOR = YES;
				GCC_WARN_UNINITIALIZED_AUTOS = YES_AGGRESSIVE;
				GCC_WARN_UNUSED_FUNCTION = YES;
				GCC_WARN_UNUSED_VARIABLE = YES;
				IPHONEOS_DEPLOYMENT_TARGET = 15.0;
				MTL_ENABLE_DEBUG_INFO = NO;
				MTL_FAST_MATH = YES;
				SWIFT_COMPILATION_MODE = wholemodule;
				SWIFT_OPTIMIZATION_LEVEL = "-O";
			};
			name = Release;
		};
		11E44D622A28B4D4006346A9 /* Debug */ = {
			isa = XCBuildConfiguration;
			baseConfigurationReference = 11E44D6F2A28BDA7006346A9 /* UAT.xcconfig */;
			buildSettings = {
				ASSETCATALOG_COMPILER_APPICON_NAME = AppIcon;
				ASSETCATALOG_COMPILER_GLOBAL_ACCENT_COLOR_NAME = AccentColor;
				CODE_SIGN_ENTITLEMENTS = FlickrDemo/FlickrDemo.entitlements;
				CODE_SIGN_STYLE = Automatic;
				CURRENT_PROJECT_VERSION = 1;
				DEVELOPMENT_ASSET_PATHS = "\"FlickrDemo/Preview Content\"";
				DEVELOPMENT_TEAM = R5P9BJ7HV8;
				ENABLE_HARDENED_RUNTIME = YES;
				ENABLE_PREVIEWS = YES;
				GENERATE_INFOPLIST_FILE = YES;
				INFOPLIST_FILE = FlickrDemo/Info.plist;
				"INFOPLIST_KEY_UIApplicationSceneManifest_Generation[sdk=iphoneos*]" = YES;
				"INFOPLIST_KEY_UIApplicationSceneManifest_Generation[sdk=iphonesimulator*]" = YES;
				"INFOPLIST_KEY_UIApplicationSupportsIndirectInputEvents[sdk=iphoneos*]" = YES;
				"INFOPLIST_KEY_UIApplicationSupportsIndirectInputEvents[sdk=iphonesimulator*]" = YES;
				"INFOPLIST_KEY_UILaunchScreen_Generation[sdk=iphoneos*]" = YES;
				"INFOPLIST_KEY_UILaunchScreen_Generation[sdk=iphonesimulator*]" = YES;
				"INFOPLIST_KEY_UIStatusBarStyle[sdk=iphoneos*]" = UIStatusBarStyleDefault;
				"INFOPLIST_KEY_UIStatusBarStyle[sdk=iphonesimulator*]" = UIStatusBarStyleDefault;
				INFOPLIST_KEY_UISupportedInterfaceOrientations = UIInterfaceOrientationPortrait;
				IPHONEOS_DEPLOYMENT_TARGET = 15.0;
				LD_RUNPATH_SEARCH_PATHS = "@executable_path/Frameworks";
				"LD_RUNPATH_SEARCH_PATHS[sdk=macosx*]" = "@executable_path/../Frameworks";
				MACOSX_DEPLOYMENT_TARGET = 13.3;
				MARKETING_VERSION = 1.0;
				PRODUCT_BUNDLE_IDENTIFIER = ervinaydin.FlickrDemo;
				PRODUCT_NAME = "$(TARGET_NAME)";
				SDKROOT = auto;
				SUPPORTED_PLATFORMS = "iphoneos iphonesimulator macosx";
				SWIFT_EMIT_LOC_STRINGS = YES;
				SWIFT_VERSION = 5.0;
				TARGETED_DEVICE_FAMILY = "1,2";
			};
			name = Debug;
		};
		11E44D632A28B4D4006346A9 /* Release */ = {
			isa = XCBuildConfiguration;
			baseConfigurationReference = 11E44D702A28BDB4006346A9 /* RELEASE.xcconfig */;
			buildSettings = {
				ASSETCATALOG_COMPILER_APPICON_NAME = AppIcon;
				ASSETCATALOG_COMPILER_GLOBAL_ACCENT_COLOR_NAME = AccentColor;
				CODE_SIGN_ENTITLEMENTS = FlickrDemo/FlickrDemo.entitlements;
				CODE_SIGN_STYLE = Automatic;
				CURRENT_PROJECT_VERSION = 1;
				DEVELOPMENT_ASSET_PATHS = "\"FlickrDemo/Preview Content\"";
				DEVELOPMENT_TEAM = R5P9BJ7HV8;
				ENABLE_HARDENED_RUNTIME = YES;
				ENABLE_PREVIEWS = YES;
				GENERATE_INFOPLIST_FILE = YES;
				INFOPLIST_FILE = FlickrDemo/Info.plist;
				"INFOPLIST_KEY_UIApplicationSceneManifest_Generation[sdk=iphoneos*]" = YES;
				"INFOPLIST_KEY_UIApplicationSceneManifest_Generation[sdk=iphonesimulator*]" = YES;
				"INFOPLIST_KEY_UIApplicationSupportsIndirectInputEvents[sdk=iphoneos*]" = YES;
				"INFOPLIST_KEY_UIApplicationSupportsIndirectInputEvents[sdk=iphonesimulator*]" = YES;
				"INFOPLIST_KEY_UILaunchScreen_Generation[sdk=iphoneos*]" = YES;
				"INFOPLIST_KEY_UILaunchScreen_Generation[sdk=iphonesimulator*]" = YES;
				"INFOPLIST_KEY_UIStatusBarStyle[sdk=iphoneos*]" = UIStatusBarStyleDefault;
				"INFOPLIST_KEY_UIStatusBarStyle[sdk=iphonesimulator*]" = UIStatusBarStyleDefault;
				INFOPLIST_KEY_UISupportedInterfaceOrientations = UIInterfaceOrientationPortrait;
				IPHONEOS_DEPLOYMENT_TARGET = 15.0;
				LD_RUNPATH_SEARCH_PATHS = "@executable_path/Frameworks";
				"LD_RUNPATH_SEARCH_PATHS[sdk=macosx*]" = "@executable_path/../Frameworks";
				MACOSX_DEPLOYMENT_TARGET = 13.3;
				MARKETING_VERSION = 1.0;
				PRODUCT_BUNDLE_IDENTIFIER = ervinaydin.FlickrDemo;
				PRODUCT_NAME = "$(TARGET_NAME)";
				SDKROOT = auto;
				SUPPORTED_PLATFORMS = "iphoneos iphonesimulator macosx";
				SWIFT_EMIT_LOC_STRINGS = YES;
				SWIFT_VERSION = 5.0;
				TARGETED_DEVICE_FAMILY = "1,2";
			};
			name = Release;
		};
		11E44D652A28B4D4006346A9 /* Debug */ = {
			isa = XCBuildConfiguration;
			baseConfigurationReference = 11E44D6F2A28BDA7006346A9 /* UAT.xcconfig */;
			buildSettings = {
				ALWAYS_EMBED_SWIFT_STANDARD_LIBRARIES = YES;
				BUNDLE_LOADER = "$(TEST_HOST)";
				CODE_SIGN_STYLE = Automatic;
				CURRENT_PROJECT_VERSION = 1;
				DEVELOPMENT_TEAM = R5P9BJ7HV8;
				GENERATE_INFOPLIST_FILE = YES;
				IPHONEOS_DEPLOYMENT_TARGET = 16.4;
				MACOSX_DEPLOYMENT_TARGET = 13.3;
				MARKETING_VERSION = 1.0;
				PRODUCT_BUNDLE_IDENTIFIER = ervinaydin.FlickrDemoTests;
				PRODUCT_NAME = "$(TARGET_NAME)";
				SDKROOT = auto;
				SUPPORTED_PLATFORMS = "iphoneos iphonesimulator macosx";
				SWIFT_EMIT_LOC_STRINGS = NO;
				SWIFT_VERSION = 5.0;
				TARGETED_DEVICE_FAMILY = "1,2";
				TEST_HOST = "$(BUILT_PRODUCTS_DIR)/FlickrDemo.app/$(BUNDLE_EXECUTABLE_FOLDER_PATH)/FlickrDemo";
			};
			name = Debug;
		};
		11E44D662A28B4D4006346A9 /* Release */ = {
			isa = XCBuildConfiguration;
			baseConfigurationReference = 11E44D702A28BDB4006346A9 /* RELEASE.xcconfig */;
			buildSettings = {
				ALWAYS_EMBED_SWIFT_STANDARD_LIBRARIES = YES;
				BUNDLE_LOADER = "$(TEST_HOST)";
				CODE_SIGN_STYLE = Automatic;
				CURRENT_PROJECT_VERSION = 1;
				DEVELOPMENT_TEAM = R5P9BJ7HV8;
				GENERATE_INFOPLIST_FILE = YES;
				IPHONEOS_DEPLOYMENT_TARGET = 16.4;
				MACOSX_DEPLOYMENT_TARGET = 13.3;
				MARKETING_VERSION = 1.0;
				PRODUCT_BUNDLE_IDENTIFIER = ervinaydin.FlickrDemoTests;
				PRODUCT_NAME = "$(TARGET_NAME)";
				SDKROOT = auto;
				SUPPORTED_PLATFORMS = "iphoneos iphonesimulator macosx";
				SWIFT_EMIT_LOC_STRINGS = NO;
				SWIFT_VERSION = 5.0;
				TARGETED_DEVICE_FAMILY = "1,2";
				TEST_HOST = "$(BUILT_PRODUCTS_DIR)/FlickrDemo.app/$(BUNDLE_EXECUTABLE_FOLDER_PATH)/FlickrDemo";
			};
			name = Release;
		};
		11E44D682A28B4D4006346A9 /* Debug */ = {
			isa = XCBuildConfiguration;
			baseConfigurationReference = 11E44D6F2A28BDA7006346A9 /* UAT.xcconfig */;
			buildSettings = {
				ALWAYS_EMBED_SWIFT_STANDARD_LIBRARIES = YES;
				CODE_SIGN_STYLE = Automatic;
				CURRENT_PROJECT_VERSION = 1;
				DEVELOPMENT_TEAM = R5P9BJ7HV8;
				GENERATE_INFOPLIST_FILE = YES;
				IPHONEOS_DEPLOYMENT_TARGET = 16.4;
				MACOSX_DEPLOYMENT_TARGET = 13.3;
				MARKETING_VERSION = 1.0;
				PRODUCT_BUNDLE_IDENTIFIER = ervinaydin.FlickrDemoUITests;
				PRODUCT_NAME = "$(TARGET_NAME)";
				SDKROOT = auto;
				SUPPORTED_PLATFORMS = "iphoneos iphonesimulator macosx";
				SWIFT_EMIT_LOC_STRINGS = NO;
				SWIFT_VERSION = 5.0;
				TARGETED_DEVICE_FAMILY = "1,2";
				TEST_TARGET_NAME = FlickrDemo;
			};
			name = Debug;
		};
		11E44D692A28B4D4006346A9 /* Release */ = {
			isa = XCBuildConfiguration;
			baseConfigurationReference = 11E44D702A28BDB4006346A9 /* RELEASE.xcconfig */;
			buildSettings = {
				ALWAYS_EMBED_SWIFT_STANDARD_LIBRARIES = YES;
				CODE_SIGN_STYLE = Automatic;
				CURRENT_PROJECT_VERSION = 1;
				DEVELOPMENT_TEAM = R5P9BJ7HV8;
				GENERATE_INFOPLIST_FILE = YES;
				IPHONEOS_DEPLOYMENT_TARGET = 16.4;
				MACOSX_DEPLOYMENT_TARGET = 13.3;
				MARKETING_VERSION = 1.0;
				PRODUCT_BUNDLE_IDENTIFIER = ervinaydin.FlickrDemoUITests;
				PRODUCT_NAME = "$(TARGET_NAME)";
				SDKROOT = auto;
				SUPPORTED_PLATFORMS = "iphoneos iphonesimulator macosx";
				SWIFT_EMIT_LOC_STRINGS = NO;
				SWIFT_VERSION = 5.0;
				TARGETED_DEVICE_FAMILY = "1,2";
				TEST_TARGET_NAME = FlickrDemo;
			};
			name = Release;
		};
/* End XCBuildConfiguration section */

/* Begin XCConfigurationList section */
		11E44D372A28B4D2006346A9 /* Build configuration list for PBXProject "FlickrDemo" */ = {
			isa = XCConfigurationList;
			buildConfigurations = (
				11E44D5F2A28B4D4006346A9 /* Debug */,
				11E44D602A28B4D4006346A9 /* Release */,
			);
			defaultConfigurationIsVisible = 0;
			defaultConfigurationName = Release;
		};
		11E44D612A28B4D4006346A9 /* Build configuration list for PBXNativeTarget "FlickrDemo" */ = {
			isa = XCConfigurationList;
			buildConfigurations = (
				11E44D622A28B4D4006346A9 /* Debug */,
				11E44D632A28B4D4006346A9 /* Release */,
			);
			defaultConfigurationIsVisible = 0;
			defaultConfigurationName = Release;
		};
		11E44D642A28B4D4006346A9 /* Build configuration list for PBXNativeTarget "FlickrDemoTests" */ = {
			isa = XCConfigurationList;
			buildConfigurations = (
				11E44D652A28B4D4006346A9 /* Debug */,
				11E44D662A28B4D4006346A9 /* Release */,
			);
			defaultConfigurationIsVisible = 0;
			defaultConfigurationName = Release;
		};
		11E44D672A28B4D4006346A9 /* Build configuration list for PBXNativeTarget "FlickrDemoUITests" */ = {
			isa = XCConfigurationList;
			buildConfigurations = (
				11E44D682A28B4D4006346A9 /* Debug */,
				11E44D692A28B4D4006346A9 /* Release */,
			);
			defaultConfigurationIsVisible = 0;
			defaultConfigurationName = Release;
		};
/* End XCConfigurationList section */
	};
	rootObject = 11E44D342A28B4D2006346A9 /* Project object */;
}
